
Microsoft Visual Studio Solution File, Format Version 12.00
# Visual Studio Version 17
VisualStudioVersion = 17.7.34009.444
MinimumVisualStudioVersion = 10.0.40219.1
Project("{FAE04EC0-301F-11D3-BF4B-00C04F79EFBC}") = "Wholesale electronic shop", "Wholesale electronic shop\Wholesale electronic shop.csproj", "{5FC78307-7662-43C4-8753-C0199C4D6381}"
EndProject
Global
	GlobalSection(SolutionConfigurationPlatforms) = preSolution
		Debug|Any CPU = Debug|Any CPU
		Release|Any CPU = Release|Any CPU
	EndGlobalSection
	GlobalSection(ProjectConfigurationPlatforms) = postSolution
		{5FC78307-7662-43C4-8753-C0199C4D6381}.Debug|Any CPU.ActiveCfg = Debug|Any CPU
		{5FC78307-7662-43C4-8753-C0199C4D6381}.Debug|Any CPU.Build.0 = Debug|Any CPU
		{5FC78307-7662-43C4-8753-C0199C4D6381}.Release|Any CPU.ActiveCfg = Release|Any CPU
		{5FC78307-7662-43C4-8753-C0199C4D6381}.Release|Any CPU.Build.0 = Release|Any CPU
	EndGlobalSection
	GlobalSection(SolutionProperties) = preSolution
		HideSolutionNode = FALSE
	EndGlobalSection
	GlobalSection(ExtensibilityGlobals) = postSolution
		SolutionGuid = {E70BE7BA-FEB3-4FC9-BB7F-C650FFC8ABA7}
	EndGlobalSection
EndGlobal
